{
  "version": "5",
  "specifiers": {
    "jsr:@b-fuze/deno-dom@*": "0.1.47",
    "jsr:@b-fuze/deno-dom@~0.1.47": "0.1.47",
    "jsr:@denosaurs/plug@1.0.3": "1.0.3",
    "jsr:@std/assert@~0.213.1": "0.213.1",
    "jsr:@std/collections@*": "1.0.5",
    "jsr:@std/collections@^1.0.5": "1.0.5",
    "jsr:@std/encoding@0.213.1": "0.213.1",
    "jsr:@std/fmt@0.213.1": "0.213.1",
    "jsr:@std/fs@0.213.1": "0.213.1",
    "jsr:@std/fs@^1.0.2": "1.0.2",
    "jsr:@std/path@*": "1.0.3",
    "jsr:@std/path@0.213.1": "0.213.1",
    "jsr:@std/path@^1.0.3": "1.0.3",
    "jsr:@std/path@~0.213.1": "0.213.1",
    "npm:@types/node@*": "22.12.0",
    "npm:json-schema-to-typescript@15.0.4": "15.0.4",
    "npm:json-schema-to-typescript@^15.0.2": "15.0.4"
  },
  "jsr": {
    "@b-fuze/deno-dom@0.1.47": {
      "integrity": "270a888de91329f8ce3849211ece0ad97ce1e8b9a8a774f2bed2f43c8b0ffe8e",
      "dependencies": [
        "jsr:@denosaurs/plug"
      ]
    },
    "@denosaurs/plug@1.0.3": {
      "integrity": "b010544e386bea0ff3a1d05e0c88f704ea28cbd4d753439c2f1ee021a85d4640",
      "dependencies": [
        "jsr:@std/encoding",
        "jsr:@std/fmt",
        "jsr:@std/fs@0.213.1",
        "jsr:@std/path@0.213.1"
      ]
    },
    "@std/assert@0.213.1": {
      "integrity": "24c28178b30c8e0782c18e8e94ea72b16282207569cdd10ffb9d1d26f2edebfe"
    },
    "@std/collections@1.0.5": {
      "integrity": "ab9eac23b57a0c0b89ba45134e61561f69f3d001f37235a248ed40be260c0c10"
    },
    "@std/encoding@0.213.1": {
      "integrity": "fcbb6928713dde941a18ca5db88ca1544d0755ec8fb20fe61e2dc8144b390c62"
    },
    "@std/fmt@0.213.1": {
      "integrity": "a06d31777566d874b9c856c10244ac3e6b660bdec4c82506cd46be052a1082c3"
    },
    "@std/fs@0.213.1": {
      "integrity": "fbcaf099f8a85c27ab0712b666262cda8fe6d02e9937bf9313ecaea39a22c501",
      "dependencies": [
        "jsr:@std/assert",
        "jsr:@std/path@~0.213.1"
      ]
    },
    "@std/fs@1.0.2": {
      "integrity": "af57555c7a224a6f147d5cced5404692974f7a628ced8eda67e0d22d92d474ec",
      "dependencies": [
        "jsr:@std/path@^1.0.3"
      ]
    },
    "@std/path@0.213.1": {
      "integrity": "f187bf278a172752e02fcbacf6bd78a335ed320d080a7ed3a5a59c3e88abc673",
      "dependencies": [
        "jsr:@std/assert"
      ]
    },
    "@std/path@1.0.3": {
      "integrity": "cd89d014ce7eb3742f2147b990f6753ee51d95276bfc211bc50c860c1bc7df6f"
    }
  },
  "npm": {
    "@apidevtools/json-schema-ref-parser@11.9.3": {
      "integrity": "sha512-60vepv88RwcJtSHrD6MjIL6Ta3SOYbgfnkHb+ppAVK+o9mXprRtulx7VlRl3lN3bbvysAfCS7WMVfhUYemB0IQ==",
      "dependencies": [
        "@jsdevtools/ono",
        "@types/json-schema",
        "js-yaml"
      ]
    },
    "@jsdevtools/ono@7.1.3": {
      "integrity": "sha512-4JQNk+3mVzK3xh2rqd6RB4J46qUR19azEHBneZyTZM+c456qOrbbM/5xcR8huNCCcbVt7+UmizG6GuUvPvKUYg=="
    },
    "@types/json-schema@7.0.15": {
      "integrity": "sha512-5+fP8P8MFNC+AyZCDxrB2pkZFPGzqQWUzpSeuuVLvm8VMcorNYavBqoFcxK8bQz4Qsbn4oUEEem4wDLfcysGHA=="
    },
    "@types/lodash@4.17.20": {
      "integrity": "sha512-H3MHACvFUEiujabxhaI/ImO6gUrd8oOurg7LQtS7mbwIXA/cUqWrvBsaeJ23aZEPk1TAYkurjfMbSELfoCXlGA=="
    },
    "@types/node@22.12.0": {
      "integrity": "sha512-Fll2FZ1riMjNmlmJOdAyY5pUbkftXslB5DgEzlIuNaiWhXd00FhWxVC/r4yV/4wBb9JfImTu+jiSvXTkJ7F/gA==",
      "dependencies": [
        "undici-types"
      ]
    },
    "argparse@2.0.1": {
      "integrity": "sha512-8+9WqebbFzpX9OR+Wa6O29asIogeRMzcGtAINdpMHHyAg10f05aSFVBbcEqGf/PXw1EjAZ+q2/bEBg3DvurK3Q=="
    },
    "fdir@6.4.6_picomatch@4.0.3": {
      "integrity": "sha512-hiFoqpyZcfNm1yc4u8oWCf9A2c4D3QjCrks3zmoVKVxpQRzmPNar1hUJcBG2RQHvEVGDN+Jm81ZheVLAQMK6+w==",
      "dependencies": [
        "picomatch"
      ],
      "optionalPeers": [
        "picomatch"
      ]
    },
    "is-extglob@2.1.1": {
      "integrity": "sha512-SbKbANkN603Vi4jEZv49LeVJMn4yGwsbzZworEoyEiutsN3nJYdbO36zfhGJ6QEDpOZIFkDtnq5JRxmvl3jsoQ=="
    },
    "is-glob@4.0.3": {
      "integrity": "sha512-xelSayHH36ZgE7ZWhli7pW34hNbNl8Ojv5KVmkJD4hBdD3th8Tfk9vYasLM+mXWOZhFkgZfxhLSnrwRr4elSSg==",
      "dependencies": [
        "is-extglob"
      ]
    },
    "js-yaml@4.1.0": {
      "integrity": "sha512-wpxZs9NoxZaJESJGIZTyDEaYpl0FKSA+FB9aJiyemKhMwkxQg63h4T1KJgUGHpTqPDNRcmmYLugrRjJlBtWvRA==",
      "dependencies": [
        "argparse"
      ],
      "bin": true
    },
    "json-schema-to-typescript@15.0.4": {
      "integrity": "sha512-Su9oK8DR4xCmDsLlyvadkXzX6+GGXJpbhwoLtOGArAG61dvbW4YQmSEno2y66ahpIdmLMg6YUf/QHLgiwvkrHQ==",
      "dependencies": [
        "@apidevtools/json-schema-ref-parser",
        "@types/json-schema",
        "@types/lodash",
        "is-glob",
        "js-yaml",
        "lodash",
        "minimist",
        "prettier",
        "tinyglobby"
      ],
      "bin": true
    },
    "lodash@4.17.21": {
      "integrity": "sha512-v2kDEe57lecTulaDIuNTPy3Ry4gLGJ6Z1O3vE1krgXZNrsQ+LFTGHVxVjcXPs17LhbZVGedAJv8XZ1tvj5FvSg=="
    },
    "minimist@1.2.8": {
      "integrity": "sha512-2yyAR8qBkN3YuheJanUpWC5U3bb5osDywNB8RzDVlDwDHbocAJveqqj1u8+SVD7jkWT4yvsHCpWqqWqAxb0zCA=="
    },
    "picomatch@4.0.3": {
      "integrity": "sha512-5gTmgEY/sqK6gFXLIsQNH19lWb4ebPDLA4SdLP7dsWkIXHWlG66oPuVvXSGFPppYZz8ZDZq0dYYrbHfBCVUb1Q=="
    },
    "prettier@3.6.2": {
      "integrity": "sha512-I7AIg5boAr5R0FFtJ6rCfD+LFsWHp81dolrFD8S79U9tb8Az2nGrJncnMSnys+bpQJfRUzqs9hnA81OAA3hCuQ==",
      "bin": true
    },
    "tinyglobby@0.2.14_picomatch@4.0.3": {
      "integrity": "sha512-tX5e7OM1HnYr2+a2C/4V0htOcSQcoSTH9KgJnVvNm5zm/cyEWKJ7j7YutsH9CxMdtOkkLFy2AHrMci9IM8IPZQ==",
      "dependencies": [
        "fdir",
        "picomatch"
      ]
    },
    "undici-types@6.20.0": {
      "integrity": "sha512-Ny6QZ2Nju20vw1SRHe3d9jVu6gJ+4e3+MMpqu7pqE5HT6WsTSlce++GQmK5UXS8mzV8DSYHrQH+Xrf2jVcuKNg=="
    }
  },
  "redirects": {
    "https://esm.sh/@octokit/app@^16.1.2?target=denonext": "https://esm.sh/@octokit/app@16.1.2?target=denonext",
    "https://esm.sh/@octokit/auth-app@^8.1.2?target=denonext": "https://esm.sh/@octokit/auth-app@8.2.0?target=denonext",
    "https://esm.sh/@octokit/auth-oauth-app@^9.0.2?target=denonext": "https://esm.sh/@octokit/auth-oauth-app@9.0.3?target=denonext",
    "https://esm.sh/@octokit/auth-oauth-app@^9.0.3?target=denonext": "https://esm.sh/@octokit/auth-oauth-app@9.0.3?target=denonext",
    "https://esm.sh/@octokit/auth-oauth-device@^8.0.3?target=denonext": "https://esm.sh/@octokit/auth-oauth-device@8.0.3?target=denonext",
    "https://esm.sh/@octokit/auth-oauth-user@^6.0.1?target=denonext": "https://esm.sh/@octokit/auth-oauth-user@6.0.2?target=denonext",
    "https://esm.sh/@octokit/auth-oauth-user@^6.0.2?target=denonext": "https://esm.sh/@octokit/auth-oauth-user@6.0.2?target=denonext",
    "https://esm.sh/@octokit/auth-token@^6.0.0?target=denonext": "https://esm.sh/@octokit/auth-token@6.0.0?target=denonext",
    "https://esm.sh/@octokit/auth-unauthenticated@^7.0.2?target=denonext": "https://esm.sh/@octokit/auth-unauthenticated@7.0.3?target=denonext",
    "https://esm.sh/@octokit/auth-unauthenticated@^7.0.3?target=denonext": "https://esm.sh/@octokit/auth-unauthenticated@7.0.3?target=denonext",
    "https://esm.sh/@octokit/core@^7.0.5?target=denonext": "https://esm.sh/@octokit/core@7.0.6?target=denonext",
    "https://esm.sh/@octokit/core@^7.0.6?target=denonext": "https://esm.sh/@octokit/core@7.0.6?target=denonext",
    "https://esm.sh/@octokit/endpoint@^11.0.3?target=denonext": "https://esm.sh/@octokit/endpoint@11.0.3?target=denonext",
    "https://esm.sh/@octokit/graphql@^9.0.3?target=denonext": "https://esm.sh/@octokit/graphql@9.0.3?target=denonext",
    "https://esm.sh/@octokit/oauth-app@^8.0.3?target=denonext": "https://esm.sh/@octokit/oauth-app@8.0.3?target=denonext",
    "https://esm.sh/@octokit/oauth-authorization-url@^8.0.0?target=denonext": "https://esm.sh/@octokit/oauth-authorization-url@8.0.0?target=denonext",
    "https://esm.sh/@octokit/oauth-methods@^6.0.1?target=denonext": "https://esm.sh/@octokit/oauth-methods@6.0.2?target=denonext",
    "https://esm.sh/@octokit/oauth-methods@^6.0.2?target=denonext": "https://esm.sh/@octokit/oauth-methods@6.0.2?target=denonext",
    "https://esm.sh/@octokit/plugin-paginate-graphql@^6.0.0?target=denonext": "https://esm.sh/@octokit/plugin-paginate-graphql@6.0.0?target=denonext",
    "https://esm.sh/@octokit/plugin-paginate-rest@^14.0.0?target=denonext": "https://esm.sh/@octokit/plugin-paginate-rest@14.0.0?target=denonext",
    "https://esm.sh/@octokit/plugin-rest-endpoint-methods@^17.0.0?target=denonext": "https://esm.sh/@octokit/plugin-rest-endpoint-methods@17.0.0?target=denonext",
    "https://esm.sh/@octokit/plugin-retry@^8.0.3?target=denonext": "https://esm.sh/@octokit/plugin-retry@8.1.0?target=denonext",
    "https://esm.sh/@octokit/plugin-throttling@^11.0.3?target=denonext": "https://esm.sh/@octokit/plugin-throttling@11.0.3?target=denonext",
    "https://esm.sh/@octokit/request-error@^7.0.2?target=denonext": "https://esm.sh/@octokit/request-error@7.1.0?target=denonext",
    "https://esm.sh/@octokit/request@^10.0.6?target=denonext": "https://esm.sh/@octokit/request@10.0.8?target=denonext",
    "https://esm.sh/@octokit/webhooks-methods@^6.0.0?target=denonext": "https://esm.sh/@octokit/webhooks-methods@6.0.0?target=denonext",
    "https://esm.sh/@octokit/webhooks@^14.0.0?target=denonext": "https://esm.sh/@octokit/webhooks@14.2.0?target=denonext",
    "https://esm.sh/before-after-hook@^4.0.0?target=denonext": "https://esm.sh/before-after-hook@4.0.0?target=denonext",
    "https://esm.sh/bottleneck@^2.15.3/light?target=denonext": "https://esm.sh/bottleneck@2.19.5/light?target=denonext",
    "https://esm.sh/fast-content-type-parse@^3.0.0?target=denonext": "https://esm.sh/fast-content-type-parse@3.0.0?target=denonext",
    "https://esm.sh/json-with-bigint@^3.5.3?target=denonext": "https://esm.sh/json-with-bigint@3.5.8?target=denonext",
    "https://esm.sh/octokit?dts": "https://esm.sh/octokit@5.0.5?dts",
    "https://esm.sh/toad-cache@^3.7.0?target=denonext": "https://esm.sh/toad-cache@3.7.0?target=denonext",
    "https://esm.sh/universal-github-app-jwt@^2.2.0?target=denonext": "https://esm.sh/universal-github-app-jwt@2.2.2?target=denonext",
    "https://esm.sh/universal-user-agent@^7.0.0?target=denonext": "https://esm.sh/universal-user-agent@7.0.3?target=denonext",
    "https://esm.sh/universal-user-agent@^7.0.2?target=denonext": "https://esm.sh/universal-user-agent@7.0.3?target=denonext"
  },
  "remote": {
    "https://deno.land/std@0.203.0/assert/assert.ts": "9a97dad6d98c238938e7540736b826440ad8c1c1e54430ca4c4e623e585607ee",
    "https://deno.land/std@0.203.0/assert/assertion_error.ts": "4d0bde9b374dfbcbe8ac23f54f567b77024fb67dbb1906a852d67fe050d42f56",
    "https://deno.land/std@0.203.0/path/_basename.ts": "057d420c9049821f983f784fd87fa73ac471901fb628920b67972b0f44319343",
    "https://deno.land/std@0.203.0/path/_constants.ts": "e49961f6f4f48039c0dfed3c3f93e963ca3d92791c9d478ac5b43183413136e0",
    "https://deno.land/std@0.203.0/path/_dirname.ts": "355e297236b2218600aee7a5301b937204c62e12da9db4b0b044993d9e658395",
    "https://deno.land/std@0.203.0/path/_extname.ts": "eaaa5aae1acf1f03254d681bd6a8ce42a9cb5b7ff2213a9d4740e8ab31283664",
    "https://deno.land/std@0.203.0/path/_format.ts": "4a99270d6810f082e614309164fad75d6f1a483b68eed97c830a506cc589f8b4",
    "https://deno.land/std@0.203.0/path/_from_file_url.ts": "6eadfae2e6f63ad9ee46b26db4a1b16583055c0392acedfb50ed2fc694b6f581",
    "https://deno.land/std@0.203.0/path/_interface.ts": "6471159dfbbc357e03882c2266d21ef9afdb1e4aa771b0545e90db58a0ba314b",
    "https://deno.land/std@0.203.0/path/_is_absolute.ts": "05dac10b5e93c63198b92e3687baa2be178df5321c527dc555266c0f4f51558c",
    "https://deno.land/std@0.203.0/path/_join.ts": "815f5e85b042285175b1492dd5781240ce126c23bd97bad6b8211fe7129c538e",
    "https://deno.land/std@0.203.0/path/_normalize.ts": "a19ec8706b2707f9dd974662a5cd89fad438e62ab1857e08b314a8eb49a34d81",
    "https://deno.land/std@0.203.0/path/_os.ts": "30b0c2875f360c9296dbe6b7f2d528f0f9c741cecad2e97f803f5219e91b40a2",
    "https://deno.land/std@0.203.0/path/_parse.ts": "0f9b0ff43682dd9964eb1c4398610c4e165d8db9d3ac9d594220217adf480cfa",
    "https://deno.land/std@0.203.0/path/_relative.ts": "27bdeffb5311a47d85be26d37ad1969979359f7636c5cd9fcf05dcd0d5099dc5",
    "https://deno.land/std@0.203.0/path/_resolve.ts": "7a3616f1093735ed327e758313b79c3c04ea921808ca5f19ddf240cb68d0adf6",
    "https://deno.land/std@0.203.0/path/_to_file_url.ts": "a141e4a525303e1a3a0c0571fd024552b5f3553a2af7d75d1ff3a503dcbb66d8",
    "https://deno.land/std@0.203.0/path/_to_namespaced_path.ts": "0d5f4caa2ed98ef7a8786286df6af804b50e38859ae897b5b5b4c8c5930a75c8",
    "https://deno.land/std@0.203.0/path/_util.ts": "4e191b1bac6b3bf0c31aab42e5ca2e01a86ab5a0d2e08b75acf8585047a86221",
    "https://deno.land/std@0.203.0/path/basename.ts": "bdfa5a624c6a45564dc6758ef2077f2822978a6dbe77b0a3514f7d1f81362930",
    "https://deno.land/std@0.203.0/path/common.ts": "ee7505ab01fd22de3963b64e46cff31f40de34f9f8de1fff6a1bd2fe79380000",
    "https://deno.land/std@0.203.0/path/dirname.ts": "b6533f4ee4174a526dec50c279534df5345836dfdc15318400b08c62a62a39dd",
    "https://deno.land/std@0.203.0/path/extname.ts": "62c4b376300795342fe1e4746c0de518b4dc9c4b0b4617bfee62a2973a9555cf",
    "https://deno.land/std@0.203.0/path/format.ts": "110270b238514dd68455a4c54956215a1aff7e37e22e4427b7771cefe1920aa5",
    "https://deno.land/std@0.203.0/path/from_file_url.ts": "9f5cb58d58be14c775ec2e57fc70029ac8b17ed3bd7fe93e475b07280adde0ac",
    "https://deno.land/std@0.203.0/path/glob.ts": "593e2c3573883225c25c5a21aaa8e9382a696b8e175ea20a3b6a1471ad17aaed",
    "https://deno.land/std@0.203.0/path/is_absolute.ts": "0b92eb35a0a8780e9f16f16bb23655b67dace6a8e0d92d42039e518ee38103c1",
    "https://deno.land/std@0.203.0/path/join.ts": "31c5419f23d91655b08ec7aec403f4e4cd1a63d39e28f6e42642ea207c2734f8",
    "https://deno.land/std@0.203.0/path/mod.ts": "6e1efb0b13121463aedb53ea51dabf5639a3172ab58c89900bbb72b486872532",
    "https://deno.land/std@0.203.0/path/normalize.ts": "6ea523e0040979dd7ae2f1be5bf2083941881a252554c0f32566a18b03021955",
    "https://deno.land/std@0.203.0/path/parse.ts": "be8de342bb9e1924d78dc4d93c45215c152db7bf738ec32475560424b119b394",
    "https://deno.land/std@0.203.0/path/posix.ts": "0a1c1952d132323a88736d03e92bd236f3ed5f9f079e5823fae07c8d978ee61b",
    "https://deno.land/std@0.203.0/path/relative.ts": "8bedac226afd360afc45d451a6c29fabceaf32978526bcb38e0c852661f66c61",
    "https://deno.land/std@0.203.0/path/resolve.ts": "133161e4949fc97f9ca67988d51376b0f5eef8968a6372325ab84d39d30b80dc",
    "https://deno.land/std@0.203.0/path/separator.ts": "40a3e9a4ad10bef23bc2cd6c610291b6c502a06237c2c4cd034a15ca78dedc1f",
    "https://deno.land/std@0.203.0/path/to_file_url.ts": "00e6322373dd51ad109956b775e4e72e5f9fa68ce2c6b04e4af2a6eed3825d31",
    "https://deno.land/std@0.203.0/path/to_namespaced_path.ts": "1b1db3055c343ab389901adfbda34e82b7386bcd1c744d54f9c1496ee0fd0c3d",
    "https://deno.land/std@0.203.0/path/win32.ts": "8b3f80ef7a462511d5e8020ff490edcaa0a0d118f1b1e9da50e2916bdd73f9dd",
    "https://esm.sh/@octokit/app@16.1.2/denonext/app.mjs": "ce4d19136a4811339241d99987d36f3537bed5353ecf0f05b86404b5e4c11207",
    "https://esm.sh/@octokit/app@16.1.2?target=denonext": "2307991e68673e170f1524847e873a99873140fed9132c9e1a4211958ff792bc",
    "https://esm.sh/@octokit/auth-app@8.2.0/denonext/auth-app.mjs": "af27f989efabe66b528f788f5897200652ffd2bc0b7f46c94046c2d225a8cae1",
    "https://esm.sh/@octokit/auth-app@8.2.0?target=denonext": "b858111c619fbeb038426c04d8df7d9ef8cef5fa23ee28a8f1ac4edbd16c90e9",
    "https://esm.sh/@octokit/auth-oauth-app@9.0.3/denonext/auth-oauth-app.mjs": "c9d1191e590ced46692bb3589803d081c5bb9a3de7bcdf3032c6e475d5287724",
    "https://esm.sh/@octokit/auth-oauth-app@9.0.3?target=denonext": "d6956e7b9a82c8c4be5e9a86ad105909f7768cb1f429f91db19c3b99b2d96c21",
    "https://esm.sh/@octokit/auth-oauth-device@8.0.3/denonext/auth-oauth-device.mjs": "0c8a6d2070a5e1ca214be1c60bee204efc238a64217b00b9ec487e9619058ed5",
    "https://esm.sh/@octokit/auth-oauth-device@8.0.3?target=denonext": "3a316939fa5900493e5c32a87889892ca29ad9d10a148b8cee946d58f21a7af6",
    "https://esm.sh/@octokit/auth-oauth-user@6.0.2/denonext/auth-oauth-user.mjs": "50072b6d76c2724208ce2cfa49d03af13be172cf5821c86a1f338eaa79c5a59e",
    "https://esm.sh/@octokit/auth-oauth-user@6.0.2?target=denonext": "edb96706e500eb279e16b706b21a26abdd2b86d197f228849b4da17e72d47e77",
    "https://esm.sh/@octokit/auth-token@6.0.0/denonext/auth-token.mjs": "ef9f8c59ca2597cc1f2b04f5640f55fcb5fa48de98e0d0250411d00858abdd2d",
    "https://esm.sh/@octokit/auth-token@6.0.0?target=denonext": "edfa317d09714ee0db614953d74ccf8a0ba5764e13b3df64c93057f427c0824a",
    "https://esm.sh/@octokit/auth-unauthenticated@7.0.3/denonext/auth-unauthenticated.mjs": "343b5e7594ce25717d2c1afc7b34a3ef837e402912a16ca4544d57a230e7da65",
    "https://esm.sh/@octokit/auth-unauthenticated@7.0.3?target=denonext": "bc9b84cdee6b5f026ad6fb3f08dcc839dfc6c10930f682377b8c1fb2ab69d7a9",
    "https://esm.sh/@octokit/core@7.0.6/denonext/core.mjs": "aec0e55f325e16d194f04c30a356be2c3dcd871d620bded1f193f7fe8a6f5b0e",
    "https://esm.sh/@octokit/core@7.0.6?target=denonext": "e85e5c794ae36332dd0c48c51d4986b46f0fb72dcb8d96a789cc70d2ce27fb2e",
    "https://esm.sh/@octokit/endpoint@11.0.3/denonext/endpoint.mjs": "0863cbd82da2beba1065ace65a066be00c5d832abcb14f3253797077d493bb24",
    "https://esm.sh/@octokit/endpoint@11.0.3?target=denonext": "f92da86f7d9083c94b68f14445b439ae1da44f876f7ae8a4ebeb7f27e3577df6",
    "https://esm.sh/@octokit/graphql@9.0.3/denonext/graphql.mjs": "b949d1b63c119c9b319ff737be058a9508b4f0be43c647118f29f197cb23311a",
    "https://esm.sh/@octokit/graphql@9.0.3?target=denonext": "78dcc6fadf8b81c866d738695874b75cfe891156842369d6b94324393ecaa064",
    "https://esm.sh/@octokit/oauth-app@8.0.3/denonext/oauth-app.mjs": "4206386b5ddb90b00644dc8d6aa01453cdcf6bf272aeff11e3763cfc28a2f5ec",
    "https://esm.sh/@octokit/oauth-app@8.0.3?target=denonext": "4d07df28d8c73aadfbe06b1ee19376e52e47405c19fae5e4973199e9e855f95d",
    "https://esm.sh/@octokit/oauth-authorization-url@8.0.0/denonext/oauth-authorization-url.mjs": "5fb31dffe819f3cf2b56330775e8080d044ea8f0ab410ba713cda2d3456c495e",
    "https://esm.sh/@octokit/oauth-authorization-url@8.0.0?target=denonext": "776b9aec0c52fce04fb478f7f1ea22c8b4db81d05e8dbdc741edfa22952d257a",
    "https://esm.sh/@octokit/oauth-methods@6.0.2": "12c121a3c8370fdd24ff0997a565ff78f822bef7f8c13d194ba085aadf075784",
    "https://esm.sh/@octokit/oauth-methods@6.0.2/denonext/oauth-methods.mjs": "52de855d6030833fa470bd4d9715629d61f4ad70d8a571e07ee90e53a25e05af",
    "https://esm.sh/@octokit/oauth-methods@6.0.2?target=denonext": "12c121a3c8370fdd24ff0997a565ff78f822bef7f8c13d194ba085aadf075784",
    "https://esm.sh/@octokit/plugin-paginate-graphql@6.0.0/denonext/plugin-paginate-graphql.mjs": "d940e5fc46be315436b20fb04d9ac6ce6f25aad2ae4390bcc7616b1b9653b83f",
    "https://esm.sh/@octokit/plugin-paginate-graphql@6.0.0?target=denonext": "a6526533afe0707275b993dab782d4064f081804b389bdbab4d286149de46b5e",
    "https://esm.sh/@octokit/plugin-paginate-rest@14.0.0/denonext/plugin-paginate-rest.mjs": "19ad4414c4eebcaa2c08a09c05a2882b831e79e830c672fe8ec81928d393ea62",
    "https://esm.sh/@octokit/plugin-paginate-rest@14.0.0?target=denonext": "3089c354c27f175e6dbfcaf5b18ab57774a22997dab26c59c2f42d080c112eb0",
    "https://esm.sh/@octokit/plugin-rest-endpoint-methods@17.0.0/denonext/plugin-rest-endpoint-methods.mjs": "2ac009cb25fdc3389db98f78f19ca6a96207ceb9b7fed277da9f07b73420d109",
    "https://esm.sh/@octokit/plugin-rest-endpoint-methods@17.0.0?target=denonext": "64e312eb758f4769b055d5b729d5d6a3dc5c537988124a649a17a627737ebc5a",
    "https://esm.sh/@octokit/plugin-retry@8.1.0/denonext/plugin-retry.mjs": "3ed1f6d5b151cc29fd86f9fad505e199dc01b9fe074466b4999cd3ae73efbe7f",
    "https://esm.sh/@octokit/plugin-retry@8.1.0?target=denonext": "115aeb60f5ac43b19429788f117a5a5b71bb355176b0c9c671947dc2a400d418",
    "https://esm.sh/@octokit/plugin-throttling@11.0.3/denonext/plugin-throttling.mjs": "96b1348101fdc7ede2dc818ec1e567d82dbfc03964725a72f72280312d76eeb3",
    "https://esm.sh/@octokit/plugin-throttling@11.0.3?target=denonext": "47bc991624b3c2f45ad537e2ae52a38cdc2eac2ec350a48cab7f900dc7c54447",
    "https://esm.sh/@octokit/request-error@7.1.0/denonext/request-error.mjs": "478467e3bb9a33094ddb2eb0b2a802149c6983f53d4558fc3ce420e03887d2fd",
    "https://esm.sh/@octokit/request-error@7.1.0?target=denonext": "a277cd7b89f98eaadfa836c906f33ec4442b8af0de0504958ad3b177826e127c",
    "https://esm.sh/@octokit/request@10.0.8/denonext/request.mjs": "597c07f65c2b289dd571bc6b6d0bca03b9849af82a15f6c586284222fb2d007c",
    "https://esm.sh/@octokit/request@10.0.8?target=denonext": "d18b809fe98cf916778cf249483e232eab029d4de47db852bac1f6eb5708ea12",
    "https://esm.sh/@octokit/webhooks-methods@6.0.0/denonext/webhooks-methods.mjs": "d16f5ed27faa651d4f688c7cf869ce4ae4b390e9634223f259465652f2ba9dcb",
    "https://esm.sh/@octokit/webhooks-methods@6.0.0?target=denonext": "4cabdc31b52d5428a370f7adcef99395391cc1dc7938cbc6002e0297c1997809",
    "https://esm.sh/@octokit/webhooks@14.2.0/denonext/webhooks.mjs": "94229282e4294cf6ad9acf3d425ad03cb2621bf3008497ad9d8329f5b58207e5",
    "https://esm.sh/@octokit/webhooks@14.2.0?target=denonext": "fd399a7521e330d0ba34f636854cfe840a26d1371f41db95e48aeb683f3cf382",
    "https://esm.sh/before-after-hook@4.0.0/denonext/before-after-hook.mjs": "0b717c21a1377a7424a19d238df2c7c1f3c3756ca192861a084ac8cb6710eada",
    "https://esm.sh/before-after-hook@4.0.0?target=denonext": "a736542fbca8aa4f8eaa30249a6f579758fbda59aef2fbed9f10ac7974982421",
    "https://esm.sh/bottleneck@2.19.5/denonext/light.mjs": "b6b510992e415f20900c4c7a9a03fd5d78479456ca44db90493895b37c5b87b7",
    "https://esm.sh/bottleneck@2.19.5/light?target=denonext": "c53ee9007926e5a49e291e0a0f2e1113735d65271a33eb609ac9ad309def4878",
    "https://esm.sh/fast-content-type-parse@3.0.0/denonext/fast-content-type-parse.mjs": "e2988912b33fdaacf282c193bfb39ff0739cdaa3e9dbcf15e9fda4d5221033d0",
    "https://esm.sh/fast-content-type-parse@3.0.0?target=denonext": "d3c0ad21dadee727b7226fbac0685c3b9373705b8f8ac05d1d0f13e07506c8a8",
    "https://esm.sh/json-with-bigint@3.5.8/denonext/json-with-bigint.mjs": "9713c04f9874a51dcc90e5e416d05dfb1733ee8e41b4fa91464d2089fe5e6725",
    "https://esm.sh/json-with-bigint@3.5.8?target=denonext": "bda98eb4a3d99c1d4aeedc27a25251563dbda07fd7806e62597d6f63b815df31",
    "https://esm.sh/octokit@5.0.5/denonext/octokit.mjs": "1107bdb6f6c32996ca8f69273bb5d4e0d3af65ccd0dd7506ffee9704fb2b1157",
    "https://esm.sh/octokit@5.0.5?dts": "5d51346c11931ffbde41ca069b4b81a22ca22da1e1307ddf395097bae691eed8",
    "https://esm.sh/toad-cache@3.7.0/denonext/toad-cache.mjs": "63b78525dcc99d8f736de244e46b306b2b5f6c72db75bf1d230230d46a06ab37",
    "https://esm.sh/toad-cache@3.7.0?target=denonext": "e17c2f2729b3268a6ecb412b975002ebaa66894c2e5e0a657a38d1176a1f02d4",
    "https://esm.sh/universal-github-app-jwt@2.2.2/denonext/universal-github-app-jwt.mjs": "002836bd32a28f8568c0869780ce90c7caede965b05628d1ed0add999c30d513",
    "https://esm.sh/universal-github-app-jwt@2.2.2?target=denonext": "30b600b05e1b5a3b5c282d285461807b79950da3812dfe040b46a46ecdd3219b",
    "https://esm.sh/universal-user-agent@7.0.3/denonext/universal-user-agent.mjs": "021090b5f3bb060b1b0364cb79daa2cc3760db58a023cd8892a098e6256a84c4",
    "https://esm.sh/universal-user-agent@7.0.3?target=denonext": "78cc32318bbfe205823697bc1fcec2e9a15a435cca022aaeb93024a61e106224"
  },
  "workspace": {
    "dependencies": [
      "jsr:@b-fuze/deno-dom@~0.1.47",
      "jsr:@std/collections@^1.0.5",
      "jsr:@std/fs@^1.0.2",
      "jsr:@std/path@^1.0.3",
      "npm:json-schema-to-typescript@^15.0.2"
    ]
  }
}
